# THIS IS AN AUTOGENERATED FILE. DO NOT EDIT THIS FILE DIRECTLY.
# yarn lockfile v1


prettier@^1.12.1:
  version "1.12.1"
  resolved "https://registry.yarnpkg.com/prettier/-/prettier-1.12.1.tgz#c1ad20e803e7749faf905a409d2367e06bbe7325"

ripperjs@^0.1.0:
  version "0.1.0"
  resolved "https://registry.yarnpkg.com/ripperjs/-/ripperjs-0.1.0.tgz#7d78cc505bd066c50b495f50ea65194c1b1c5ced"
